// !$*UTF8*$!
{
	archiveVersion = 1;
	classes = {
	};
	objectVersion = 50;
	objects = {

/* Begin PBXBuildFile section */
		23FD976325D1FBC500592AE9 /* AppDelegate.swift in Sources */ = {isa = PBXBuildFile; fileRef = 23FD976225D1FBC500592AE9 /* AppDelegate.swift */; };
		23FD976525D1FBC500592AE9 /* SceneDelegate.swift in Sources */ = {isa = PBXBuildFile; fileRef = 23FD976425D1FBC500592AE9 /* SceneDelegate.swift */; };
		23FD976725D1FBC500592AE9 /* ViewController.swift in Sources */ = {isa = PBXBuildFile; fileRef = 23FD976625D1FBC500592AE9 /* ViewController.swift */; };
		23FD976A25D1FBC500592AE9 /* Main.storyboard in Resources */ = {isa = PBXBuildFile; fileRef = 23FD976825D1FBC500592AE9 /* Main.storyboard */; };
		23FD976C25D1FBC500592AE9 /* Assets.xcassets in Resources */ = {isa = PBXBuildFile; fileRef = 23FD976B25D1FBC500592AE9 /* Assets.xcassets */; };
		23FD976F25D1FBC500592AE9 /* LaunchScreen.storyboard in Resources */ = {isa = PBXBuildFile; fileRef = 23FD976D25D1FBC500592AE9 /* LaunchScreen.storyboard */; };
		23FD977A25D1FBC500592AE9 /* Lunar_ZodiacTests.swift in Sources */ = {isa = PBXBuildFile; fileRef = 23FD977925D1FBC500592AE9 /* Lunar_ZodiacTests.swift */; };
		23FD978525D1FBC500592AE9 /* Lunar_ZodiacUITests.swift in Sources */ = {isa = PBXBuildFile; fileRef = 23FD978425D1FBC500592AE9 /* Lunar_ZodiacUITests.swift */; };
/* End PBXBuildFile section */

/* Begin PBXContainerItemProxy section */
		23FD977625D1FBC500592AE9 /* PBXContainerItemProxy */ = {
			isa = PBXContainerItemProxy;
			containerPortal = 23FD975725D1FBC500592AE9 /* Project object */;
			proxyType = 1;
			remoteGlobalIDString = 23FD975E25D1FBC500592AE9;
			remoteInfo = "Lunar Zodiac";
		};
		23FD978125D1FBC500592AE9 /* PBXContainerItemProxy */ = {
			isa = PBXContainerItemProxy;
			containerPortal = 23FD975725D1FBC500592AE9 /* Project object */;
			proxyType = 1;
			remoteGlobalIDString = 23FD975E25D1FBC500592AE9;
			remoteInfo = "Lunar Zodiac";
		};
/* End PBXContainerItemProxy section */

/* Begin PBXFileReference section */
		23FD975F25D1FBC500592AE9 /* Lunar Zodiac.app */ = {isa = PBXFileReference; explicitFileType = wrapper.application; includeInIndex = 0; path = "Lunar Zodiac.app"; sourceTree = BUILT_PRODUCTS_DIR; };
		23FD976225D1FBC500592AE9 /* AppDelegate.swift */ = {isa = PBXFileReference; lastKnownFileType = sourcecode.swift; path = AppDelegate.swift; sourceTree = "<group>"; };
		23FD976425D1FBC500592AE9 /* SceneDelegate.swift */ = {isa = PBXFileReference; lastKnownFileType = sourcecode.swift; path = SceneDelegate.swift; sourceTree = "<group>"; };
		23FD976625D1FBC500592AE9 /* ViewController.swift */ = {isa = PBXFileReference; lastKnownFileType = sourcecode.swift; path = ViewController.swift; sourceTree = "<group>"; };
		23FD976925D1FBC500592AE9 /* Base */ = {isa = PBXFileReference; lastKnownFileType = file.storyboard; name = Base; path = Base.lproj/Main.storyboard; sourceTree = "<group>"; };
		23FD976B25D1FBC500592AE9 /* Assets.xcassets */ = {isa = PBXFileReference; lastKnownFileType = folder.assetcatalog; path = Assets.xcassets; sourceTree = "<group>"; };
		23FD976E25D1FBC500592AE9 /* Base */ = {isa = PBXFileReference; lastKnownFileType = file.storyboard; name = Base; path = Base.lproj/LaunchScreen.storyboard; sourceTree = "<group>"; };
		23FD977025D1FBC500592AE9 /* Info.plist */ = {isa = PBXFileReference; lastKnownFileType = text.plist.xml; path = Info.plist; sourceTree = "<group>"; };
		23FD977525D1FBC500592AE9 /* Lunar ZodiacTests.xctest */ = {isa = PBXFileReference; explicitFileType = wrapper.cfbundle; includeInIndex = 0; path = "Lunar ZodiacTests.xctest"; sourceTree = BUILT_PRODUCTS_DIR; };
		23FD977925D1FBC500592AE9 /* Lunar_ZodiacTests.swift */ = {isa = PBXFileReference; lastKnownFileType = sourcecode.swift; path = Lunar_ZodiacTests.swift; sourceTree = "<group>"; };
		23FD977B25D1FBC500592AE9 /* Info.plist */ = {isa = PBXFileReference; lastKnownFileType = text.plist.xml; path = Info.plist; sourceTree = "<group>"; };
		23FD978025D1FBC500592AE9 /* Lunar ZodiacUITests.xctest */ = {isa = PBXFileReference; explicitFileType = wrapper.cfbundle; includeInIndex = 0; path = "Lunar ZodiacUITests.xctest"; sourceTree = BUILT_PRODUCTS_DIR; };
		23FD978425D1FBC500592AE9 /* Lunar_ZodiacUITests.swift */ = {isa = PBXFileReference; lastKnownFileType = sourcecode.swift; path = Lunar_ZodiacUITests.swift; sourceTree = "<group>"; };
		23FD978625D1FBC500592AE9 /* Info.plist */ = {isa = PBXFileReference; lastKnownFileType = text.plist.xml; path = Info.plist; sourceTree = "<group>"; };
/* End PBXFileReference section */

/* Begin PBXFrameworksBuildPhase section */
		23FD975C25D1FBC500592AE9 /* Frameworks */ = {
			isa = PBXFrameworksBuildPhase;
			buildActionMask = 2147483647;
			files = (
			);
			runOnlyForDeploymentPostprocessing = 0;
		};
		23FD977225D1FBC500592AE9 /* Frameworks */ = {
			isa = PBXFrameworksBuildPhase;
			buildActionMask = 2147483647;
			files = (
			);
			runOnlyForDeploymentPostprocessing = 0;
		};
		23FD977D25D1FBC500592AE9 /* Frameworks */ = {
			isa = PBXFrameworksBuildPhase;
			buildActionMask = 2147483647;
			files = (
			);
			runOnlyForDeploymentPostprocessing = 0;
		};
/* End PBXFrameworksBuildPhase section */

/* Begin PBXGroup section */
		23FD975625D1FBC500592AE9 = {
			isa = PBXGroup;
			children = (
				23FD976125D1FBC500592AE9 /* Lunar Zodiac */,
				23FD977825D1FBC500592AE9 /* Lunar ZodiacTests */,
				23FD978325D1FBC500592AE9 /* Lunar ZodiacUITests */,
				23FD976025D1FBC500592AE9 /* Products */,
			);
			sourceTree = "<group>";
		};
		23FD976025D1FBC500592AE9 /* Products */ = {
			isa = PBXGroup;
			children = (
				23FD975F25D1FBC500592AE9 /* Lunar Zodiac.app */,
				23FD977525D1FBC500592AE9 /* Lunar ZodiacTests.xctest */,
				23FD978025D1FBC500592AE9 /* Lunar ZodiacUITests.xctest */,
			);
			name = Products;
			sourceTree = "<group>";
		};
		23FD976125D1FBC500592AE9 /* Lunar Zodiac */ = {
			isa = PBXGroup;
			children = (
				23FD976225D1FBC500592AE9 /* AppDelegate.swift */,
				23FD976425D1FBC500592AE9 /* SceneDelegate.swift */,
				23FD976625D1FBC500592AE9 /* ViewController.swift */,
				23FD976825D1FBC500592AE9 /* Main.storyboard */,
				23FD976B25D1FBC500592AE9 /* Assets.xcassets */,
				23FD976D25D1FBC500592AE9 /* LaunchScreen.storyboard */,
				23FD977025D1FBC500592AE9 /* Info.plist */,
			);
			path = "Lunar Zodiac";
			sourceTree = "<group>";
		};
		23FD977825D1FBC500592AE9 /* Lunar ZodiacTests */ = {
			isa = PBXGroup;
			children = (
				23FD977925D1FBC500592AE9 /* Lunar_ZodiacTests.swift */,
				23FD977B25D1FBC500592AE9 /* Info.plist */,
			);
			path = "Lunar ZodiacTests";
			sourceTree = "<group>";
		};
		23FD978325D1FBC500592AE9 /* Lunar ZodiacUITests */ = {
			isa = PBXGroup;
			children = (
				23FD978425D1FBC500592AE9 /* Lunar_ZodiacUITests.swift */,
				23FD978625D1FBC500592AE9 /* Info.plist */,
			);
			path = "Lunar ZodiacUITests";
			sourceTree = "<group>";
		};
/* End PBXGroup section */

/* Begin PBXNativeTarget section */
		23FD975E25D1FBC500592AE9 /* Lunar Zodiac */ = {
			isa = PBXNativeTarget;
			buildConfigurationList = 23FD978925D1FBC500592AE9 /* Build configuration list for PBXNativeTarget "Lunar Zodiac" */;
			buildPhases = (
				23FD975B25D1FBC500592AE9 /* Sources */,
				23FD975C25D1FBC500592AE9 /* Frameworks */,
				23FD975D25D1FBC500592AE9 /* Resources */,
			);
			buildRules = (
			);
			dependencies = (
			);
			name = "Lunar Zodiac";
			productName = "Lunar Zodiac";
			productReference = 23FD975F25D1FBC500592AE9 /* Lunar Zodiac.app */;
			productType = "com.apple.product-type.application";
		};
		23FD977425D1FBC500592AE9 /* Lunar ZodiacTests */ = {
			isa = PBXNativeTarget;
			buildConfigurationList = 23FD978C25D1FBC500592AE9 /* Build configuration list for PBXNativeTarget "Lunar ZodiacTests" */;
			buildPhases = (
				23FD977125D1FBC500592AE9 /* Sources */,
				23FD977225D1FBC500592AE9 /* Frameworks */,
				23FD977325D1FBC500592AE9 /* Resources */,
			);
			buildRules = (
			);
			dependencies = (
				23FD977725D1FBC500592AE9 /* PBXTargetDependency */,
			);
			name = "Lunar ZodiacTests";
			productName = "Lunar ZodiacTests";
			productReference = 23FD977525D1FBC500592AE9 /* Lunar ZodiacTests.xctest */;
			productType = "com.apple.product-type.bundle.unit-test";
		};
		23FD977F25D1FBC500592AE9 /* Lunar ZodiacUITests */ = {
			isa = PBXNativeTarget;
			buildConfigurationList = 23FD978F25D1FBC500592AE9 /* Build configuration list for PBXNativeTarget "Lunar ZodiacUITests" */;
			buildPhases = (
				23FD977C25D1FBC500592AE9 /* Sources */,
				23FD977D25D1FBC500592AE9 /* Frameworks */,
				23FD977E25D1FBC500592AE9 /* Resources */,
			);
			buildRules = (
			);
			dependencies = (
				23FD978225D1FBC500592AE9 /* PBXTargetDependency */,
			);
			name = "Lunar ZodiacUITests";
			productName = "Lunar ZodiacUITests";
			productReference = 23FD978025D1FBC500592AE9 /* Lunar ZodiacUITests.xctest */;
			productType = "com.apple.product-type.bundle.ui-testing";
		};
/* End PBXNativeTarget section */

/* Begin PBXProject section */
		23FD975725D1FBC500592AE9 /* Project object */ = {
			isa = PBXProject;
			attributes = {
				LastSwiftUpdateCheck = 1240;
				LastUpgradeCheck = 1240;
				TargetAttributes = {
					23FD975E25D1FBC500592AE9 = {
						CreatedOnToolsVersion = 12.4;
					};
					23FD977425D1FBC500592AE9 = {
						CreatedOnToolsVersion = 12.4;
						TestTargetID = 23FD975E25D1FBC500592AE9;
					};
					23FD977F25D1FBC500592AE9 = {
						CreatedOnToolsVersion = 12.4;
						TestTargetID = 23FD975E25D1FBC500592AE9;
					};
				};
			};
			buildConfigurationList = 23FD975A25D1FBC500592AE9 /* Build configuration list for PBXProject "Lunar Zodiac" */;
			compatibilityVersion = "Xcode 9.3";
			developmentRegion = en;
			hasScannedForEncodings = 0;
			knownRegions = (
				en,
				Base,
			);
			mainGroup = 23FD975625D1FBC500592AE9;
			productRefGroup = 23FD976025D1FBC500592AE9 /* Products */;
			projectDirPath = "";
			projectRoot = "";
			targets = (
				23FD975E25D1FBC500592AE9 /* Lunar Zodiac */,
				23FD977425D1FBC500592AE9 /* Lunar ZodiacTests */,
				23FD977F25D1FBC500592AE9 /* Lunar ZodiacUITests */,
			);
		};
/* End PBXProject section */

/* Begin PBXResourcesBuildPhase section */
		23FD975D25D1FBC500592AE9 /* Resources */ = {
			isa = PBXResourcesBuildPhase;
			buildActionMask = 2147483647;
			files = (
				23FD976F25D1FBC500592AE9 /* LaunchScreen.storyboard in Resources */,
				23FD976C25D1FBC500592AE9 /* Assets.xcassets in Resources */,
				23FD976A25D1FBC500592AE9 /* Main.storyboard in Resources */,
			);
			runOnlyForDeploymentPostprocessing = 0;
		};
		23FD977325D1FBC500592AE9 /* Resources */ = {
			isa = PBXResourcesBuildPhase;
			buildActionMask = 2147483647;
			files = (
			);
			runOnlyForDeploymentPostprocessing = 0;
		};
		23FD977E25D1FBC500592AE9 /* Resources */ = {
			isa = PBXResourcesBuildPhase;
			buildActionMask = 2147483647;
			files = (
			);
			runOnlyForDeploymentPostprocessing = 0;
		};
/* End PBXResourcesBuildPhase section */

/* Begin PBXSourcesBuildPhase section */
		23FD975B25D1FBC500592AE9 /* Sources */ = {
			isa = PBXSourcesBuildPhase;
			buildActionMask = 2147483647;
			files = (
				23FD976725D1FBC500592AE9 /* ViewController.swift in Sources */,
				23FD976325D1FBC500592AE9 /* AppDelegate.swift in Sources */,
				23FD976525D1FBC500592AE9 /* SceneDelegate.swift in Sources */,
			);
			runOnlyForDeploymentPostprocessing = 0;
		};
		23FD977125D1FBC500592AE9 /* Sources */ = {
			isa = PBXSourcesBuildPhase;
			buildActionMask = 2147483647;
			files = (
				23FD977A25D1FBC500592AE9 /* Lunar_ZodiacTests.swift in Sources */,
			);
			runOnlyForDeploymentPostprocessing = 0;
		};
		23FD977C25D1FBC500592AE9 /* Sources */ = {
			isa = PBXSourcesBuildPhase;
			buildActionMask = 2147483647;
			files = (
				23FD978525D1FBC500592AE9 /* Lunar_ZodiacUITests.swift in Sources */,
			);
			runOnlyForDeploymentPostprocessing = 0;
		};
/* End PBXSourcesBuildPhase section */

/* Begin PBXTargetDependency section */
		23FD977725D1FBC500592AE9 /* PBXTargetDependency */ = {
			isa = PBXTargetDependency;
			target = 23FD975E25D1FBC500592AE9 /* Lunar Zodiac */;
			targetProxy = 23FD977625D1FBC500592AE9 /* PBXContainerItemProxy */;
		};
		23FD978225D1FBC500592AE9 /* PBXTargetDependency */ = {
			isa = PBXTargetDependency;
			target = 23FD975E25D1FBC500592AE9 /* Lunar Zodiac */;
			targetProxy = 23FD978125D1FBC500592AE9 /* PBXContainerItemProxy */;
		};
/* End PBXTargetDependency section */

/* Begin PBXVariantGroup section */
		23FD976825D1FBC500592AE9 /* Main.storyboard */ = {
			isa = PBXVariantGroup;
			children = (
				23FD976925D1FBC500592AE9 /* Base */,
			);
			name = Main.storyboard;
			sourceTree = "<group>";
		};
		23FD976D25D1FBC500592AE9 /* LaunchScreen.storyboard */ = {
			isa = PBXVariantGroup;
			children = (
				23FD976E25D1FBC500592AE9 /* Base */,
			);
			name = LaunchScreen.storyboard;
			sourceTree = "<group>";
		};
/* End PBXVariantGroup section */

/* Begin XCBuildConfiguration section */
		23FD978725D1FBC500592AE9 /* Debug */ = {
			isa = XCBuildConfiguration;
			buildSettings = {
				ALWAYS_SEARCH_USER_PATHS = NO;
				CLANG_ANALYZER_NONNULL = YES;
				CLANG_ANALYZER_NUMBER_OBJECT_CONVERSION = YES_AGGRESSIVE;
				CLANG_CXX_LANGUAGE_STANDARD = "gnu++14";
				CLANG_CXX_LIBRARY = "libc++";
				CLANG_ENABLE_MODULES = YES;
				CLANG_ENABLE_OBJC_ARC = YES;
				CLANG_ENABLE_OBJC_WEAK = YES;
				CLANG_WARN_BLOCK_CAPTURE_AUTORELEASING = YES;
				CLANG_WARN_BOOL_CONVERSION = YES;
				CLANG_WARN_COMMA = YES;
				CLANG_WARN_CONSTANT_CONVERSION = YES;
				CLANG_WARN_DEPRECATED_OBJC_IMPLEMENTATIONS = YES;
				CLANG_WARN_DIRECT_OBJC_ISA_USAGE = YES_ERROR;
				CLANG_WARN_DOCUMENTATION_COMMENTS = YES;
				CLANG_WARN_EMPTY_BODY = YES;
				CLANG_WARN_ENUM_CONVERSION = YES;
				CLANG_WARN_INFINITE_RECURSION = YES;
				CLANG_WARN_INT_CONVERSION = YES;
				CLANG_WARN_NON_LITERAL_NULL_CONVERSION = YES;
				CLANG_WARN_OBJC_IMPLICIT_RETAIN_SELF = YES;
				CLANG_WARN_OBJC_LITERAL_CONVERSION = YES;
				CLANG_WARN_OBJC_ROOT_CLASS = YES_ERROR;
				CLANG_WARN_QUOTED_INCLUDE_IN_FRAMEWORK_HEADER = YES;
				CLANG_WARN_RANGE_LOOP_ANALYSIS = YES;
				CLANG_WARN_STRICT_PROTOTYPES = YES;
				CLANG_WARN_SUSPICIOUS_MOVE = YES;
				CLANG_WARN_UNGUARDED_AVAILABILITY = YES_AGGRESSIVE;
				CLANG_WARN_UNREACHABLE_CODE = YES;
				CLANG_WARN__DUPLICATE_METHOD_MATCH = YES;
				COPY_PHASE_STRIP = NO;
				DEBUG_INFORMATION_FORMAT = dwarf;
				ENABLE_STRICT_OBJC_MSGSEND = YES;
				ENABLE_TESTABILITY = YES;
				GCC_C_LANGUAGE_STANDARD = gnu11;
				GCC_DYNAMIC_NO_PIC = NO;
				GCC_NO_COMMON_BLOCKS = YES;
				GCC_OPTIMIZATION_LEVEL = 0;
				GCC_PREPROCESSOR_DEFINITIONS = (
					"DEBUG=1",
					"$(inherited)",
				);
				GCC_WARN_64_TO_32_BIT_CONVERSION = YES;
				GCC_WARN_ABOUT_RETURN_TYPE = YES_ERROR;
				GCC_WARN_UNDECLARED_SELECTOR = YES;
				GCC_WARN_UNINITIALIZED_AUTOS = YES_AGGRESSIVE;
				GCC_WARN_UNUSED_FUNCTION = YES;
				GCC_WARN_UNUSED_VARIABLE = YES;
				IPHONEOS_DEPLOYMENT_TARGET = 14.4;
				MTL_ENABLE_DEBUG_INFO = INCLUDE_SOURCE;
				MTL_FAST_MATH = YES;
				ONLY_ACTIVE_ARCH = YES;
				SDKROOT = iphoneos;
				SWIFT_ACTIVE_COMPILATION_CONDITIONS = DEBUG;
				SWIFT_OPTIMIZATION_LEVEL = "-Onone";
			};
			name = Debug;
		};
		23FD978825D1FBC500592AE9 /* Release */ = {
			isa = XCBuildConfiguration;
			buildSettings = {
				ALWAYS_SEARCH_USER_PATHS = NO;
				CLANG_ANALYZER_NONNULL = YES;
				CLANG_ANALYZER_NUMBER_OBJECT_CONVERSION = YES_AGGRESSIVE;
				CLANG_CXX_LANGUAGE_STANDARD = "gnu++14";
				CLANG_CXX_LIBRARY = "libc++";
				CLANG_ENABLE_MODULES = YES;
				CLANG_ENABLE_OBJC_ARC = YES;
				CLANG_ENABLE_OBJC_WEAK = YES;
				CLANG_WARN_BLOCK_CAPTURE_AUTORELEASING = YES;
				CLANG_WARN_BOOL_CONVERSION = YES;
				CLANG_WARN_COMMA = YES;
				CLANG_WARN_CONSTANT_CONVERSION = YES;
				CLANG_WARN_DEPRECATED_OBJC_IMPLEMENTATIONS = YES;
				CLANG_WARN_DIRECT_OBJC_ISA_USAGE = YES_ERROR;
				CLANG_WARN_DOCUMENTATION_COMMENTS = YES;
				CLANG_WARN_EMPTY_BODY = YES;
				CLANG_WARN_ENUM_CONVERSION = YES;
				CLANG_WARN_INFINITE_RECURSION = YES;
				CLANG_WARN_INT_CONVERSION = YES;
				CLANG_WARN_NON_LITERAL_NULL_CONVERSION = YES;
				CLANG_WARN_OBJC_IMPLICIT_RETAIN_SELF = YES;
				CLANG_WARN_OBJC_LITERAL_CONVERSION = YES;
				CLANG_WARN_OBJC_ROOT_CLASS = YES_ERROR;
				CLANG_WARN_QUOTED_INCLUDE_IN_FRAMEWORK_HEADER = YES;
				CLANG_WARN_RANGE_LOOP_ANALYSIS = YES;
				CLANG_WARN_STRICT_PROTOTYPES = YES;
				CLANG_WARN_SUSPICIOUS_MOVE = YES;
				CLANG_WARN_UNGUARDED_AVAILABILITY = YES_AGGRESSIVE;
				CLANG_WARN_UNREACHABLE_CODE = YES;
				CLANG_WARN__DUPLICATE_METHOD_MATCH = YES;
				COPY_PHASE_STRIP = NO;
				DEBUG_INFORMATION_FORMAT = "dwarf-with-dsym";
				ENABLE_NS_ASSERTIONS = NO;
				ENABLE_STRICT_OBJC_MSGSEND = YES;
				GCC_C_LANGUAGE_STANDARD = gnu11;
				GCC_NO_COMMON_BLOCKS = YES;
				GCC_WARN_64_TO_32_BIT_CONVERSION = YES;
				GCC_WARN_ABOUT_RETURN_TYPE = YES_ERROR;
				GCC_WARN_UNDECLARED_SELECTOR = YES;
				GCC_WARN_UNINITIALIZED_AUTOS = YES_AGGRESSIVE;
				GCC_WARN_UNUSED_FUNCTION = YES;
				GCC_WARN_UNUSED_VARIABLE = YES;
				IPHONEOS_DEPLOYMENT_TARGET = 14.4;
				MTL_ENABLE_DEBUG_INFO = NO;
				MTL_FAST_MATH = YES;
				SDKROOT = iphoneos;
				SWIFT_COMPILATION_MODE = wholemodule;
				SWIFT_OPTIMIZATION_LEVEL = "-O";
				VALIDATE_PRODUCT = YES;
			};
			name = Release;
		};
		23FD978A25D1FBC500592AE9 /* Debug */ = {
			isa = XCBuildConfiguration;
			buildSettings = {
				ASSETCATALOG_COMPILER_APPICON_NAME = AppIcon;
				ASSETCATALOG_COMPILER_GLOBAL_ACCENT_COLOR_NAME = AccentColor;
				CODE_SIGN_STYLE = Automatic;
				DEVELOPMENT_TEAM = 8HWD5Y4SV3;
				INFOPLIST_FILE = "Lunar Zodiac/Info.plist";
				LD_RUNPATH_SEARCH_PATHS = (
					"$(inherited)",
					"@executable_path/Frameworks",
				);
				PRODUCT_BUNDLE_IDENTIFIER = "Jake-Wang.Lunar-Zodiac";
				PRODUCT_NAME = "$(TARGET_NAME)";
				SWIFT_VERSION = 5.0;
				TARGETED_DEVICE_FAMILY = "1,2";
			};
			name = Debug;
		};
		23FD978B25D1FBC500592AE9 /* Release */ = {
			isa = XCBuildConfiguration;
			buildSettings = {
				ASSETCATALOG_COMPILER_APPICON_NAME = AppIcon;
				ASSETCATALOG_COMPILER_GLOBAL_ACCENT_COLOR_NAME = AccentColor;
				CODE_SIGN_STYLE = Automatic;
				DEVELOPMENT_TEAM = 8HWD5Y4SV3;
				INFOPLIST_FILE = "Lunar Zodiac/Info.plist";
				LD_RUNPATH_SEARCH_PATHS = (
					"$(inherited)",
					"@executable_path/Frameworks",
				);
				PRODUCT_BUNDLE_IDENTIFIER = "Jake-Wang.Lunar-Zodiac";
				PRODUCT_NAME = "$(TARGET_NAME)";
				SWIFT_VERSION = 5.0;
				TARGETED_DEVICE_FAMILY = "1,2";
			};
			name = Release;
		};
		23FD978D25D1FBC500592AE9 /* Debug */ = {
			isa = XCBuildConfiguration;
			buildSettings = {
				ALWAYS_EMBED_SWIFT_STANDARD_LIBRARIES = YES;
				BUNDLE_LOADER = "$(TEST_HOST)";
				CODE_SIGN_STYLE = Automatic;
				DEVELOPMENT_TEAM = 8HWD5Y4SV3;
				INFOPLIST_FILE = "Lunar ZodiacTests/Info.plist";
				IPHONEOS_DEPLOYMENT_TARGET = 14.4;
				LD_RUNPATH_SEARCH_PATHS = (
					"$(inherited)",
					"@executable_path/Frameworks",
					"@loader_path/Frameworks",
				);
				PRODUCT_BUNDLE_IDENTIFIER = "Jake-Wang.Lunar-ZodiacTests";
				PRODUCT_NAME = "$(TARGET_NAME)";
				SWIFT_VERSION = 5.0;
				TARGETED_DEVICE_FAMILY = "1,2";
				TEST_HOST = "$(BUILT_PRODUCTS_DIR)/Lunar Zodiac.app/Lunar Zodiac";
			};
			name = Debug;
		};
		23FD978E25D1FBC500592AE9 /* Release */ = {
			isa = XCBuildConfiguration;
			buildSettings = {
				ALWAYS_EMBED_SWIFT_STANDARD_LIBRARIES = YES;
				BUNDLE_LOADER = "$(TEST_HOST)";
				CODE_SIGN_STYLE = Automatic;
				DEVELOPMENT_TEAM = 8HWD5Y4SV3;
				INFOPLIST_FILE = "Lunar ZodiacTests/Info.plist";
				IPHONEOS_DEPLOYMENT_TARGET = 14.4;
				LD_RUNPATH_SEARCH_PATHS = (
					"$(inherited)",
					"@executable_path/Frameworks",
					"@loader_path/Frameworks",
				);
				PRODUCT_BUNDLE_IDENTIFIER = "Jake-Wang.Lunar-ZodiacTests";
				PRODUCT_NAME = "$(TARGET_NAME)";
				SWIFT_VERSION = 5.0;
				TARGETED_DEVICE_FAMILY = "1,2";
				TEST_HOST = "$(BUILT_PRODUCTS_DIR)/Lunar Zodiac.app/Lunar Zodiac";
			};
			name = Release;
		};
		23FD979025D1FBC500592AE9 /* Debug */ = {
			isa = XCBuildConfiguration;
			buildSettings = {
				ALWAYS_EMBED_SWIFT_STANDARD_LIBRARIES = YES;
				CODE_SIGN_STYLE = Automatic;
				DEVELOPMENT_TEAM = 8HWD5Y4SV3;
				INFOPLIST_FILE = "Lunar ZodiacUITests/Info.plist";
				LD_RUNPATH_SEARCH_PATHS = (
					"$(inherited)",
					"@executable_path/Frameworks",
					"@loader_path/Frameworks",
				);
				PRODUCT_BUNDLE_IDENTIFIER = "Jake-Wang.Lunar-ZodiacUITests";
				PRODUCT_NAME = "$(TARGET_NAME)";
				SWIFT_VERSION = 5.0;
				TARGETED_DEVICE_FAMILY = "1,2";
				TEST_TARGET_NAME = "Lunar Zodiac";
			};
			name = Debug;
		};
		23FD979125D1FBC500592AE9 /* Release */ = {
			isa = XCBuildConfiguration;
			buildSettings = {
				ALWAYS_EMBED_SWIFT_STANDARD_LIBRARIES = YES;
				CODE_SIGN_STYLE = Automatic;
				DEVELOPMENT_TEAM = 8HWD5Y4SV3;
				INFOPLIST_FILE = "Lunar ZodiacUITests/Info.plist";
				LD_RUNPATH_SEARCH_PATHS = (
					"$(inherited)",
					"@executable_path/Frameworks",
					"@loader_path/Frameworks",
				);
				PRODUCT_BUNDLE_IDENTIFIER = "Jake-Wang.Lunar-ZodiacUITests";
				PRODUCT_NAME = "$(TARGET_NAME)";
				SWIFT_VERSION = 5.0;
				TARGETED_DEVICE_FAMILY = "1,2";
				TEST_TARGET_NAME = "Lunar Zodiac";
			};
			name = Release;
		};
/* End XCBuildConfiguration section */

/* Begin XCConfigurationList section */
		23FD975A25D1FBC500592AE9 /* Build configuration list for PBXProject "Lunar Zodiac" */ = {
			isa = XCConfigurationList;
			buildConfigurations = (
				23FD978725D1FBC500592AE9 /* Debug */,
				23FD978825D1FBC500592AE9 /* Release */,
			);
			defaultConfigurationIsVisible = 0;
			defaultConfigurationName = Release;
		};
		23FD978925D1FBC500592AE9 /* Build configuration list for PBXNativeTarget "Lunar Zodiac" */ = {
			isa = XCConfigurationList;
			buildConfigurations = (
				23FD978A25D1FBC500592AE9 /* Debug */,
				23FD978B25D1FBC500592AE9 /* Release */,
			);
			defaultConfigurationIsVisible = 0;
			defaultConfigurationName = Release;
		};
		23FD978C25D1FBC500592AE9 /* Build configuration list for PBXNativeTarget "Lunar ZodiacTests" */ = {
			isa = XCConfigurationList;
			buildConfigurations = (
				23FD978D25D1FBC500592AE9 /* Debug */,
				23FD978E25D1FBC500592AE9 /* Release */,
			);
			defaultConfigurationIsVisible = 0;
			defaultConfigurationName = Release;
		};
		23FD978F25D1FBC500592AE9 /* Build configuration list for PBXNativeTarget "Lunar ZodiacUITests" */ = {
			isa = XCConfigurationList;
			buildConfigurations = (
				23FD979025D1FBC500592AE9 /* Debug */,
				23FD979125D1FBC500592AE9 /* Release */,
			);
			defaultConfigurationIsVisible = 0;
			defaultConfigurationName = Release;
		};
/* End XCConfigurationList section */
	};
	rootObject = 23FD975725D1FBC500592AE9 /* Project object */;
}
